// !$*UTF8*$!
{
	archiveVersion = 1;
	classes = {
	};
	objectVersion = 46;
	objects = {

/* Begin PBXBuildFile section */
		7694C8961BDC88C5007D8E26 /* AppDelegate.swift in Sources */ = {isa = PBXBuildFile; fileRef = 7694C8951BDC88C5007D8E26 /* AppDelegate.swift */; };
		7694C8981BDC88C5007D8E26 /* ViewController.swift in Sources */ = {isa = PBXBuildFile; fileRef = 7694C8971BDC88C5007D8E26 /* ViewController.swift */; };
		7694C89B1BDC88C5007D8E26 /* Main.storyboard in Resources */ = {isa = PBXBuildFile; fileRef = 7694C8991BDC88C5007D8E26 /* Main.storyboard */; };
		7694C89D1BDC88C5007D8E26 /* Assets.xcassets in Resources */ = {isa = PBXBuildFile; fileRef = 7694C89C1BDC88C5007D8E26 /* Assets.xcassets */; };
		7694C8A01BDC88C5007D8E26 /* LaunchScreen.storyboard in Resources */ = {isa = PBXBuildFile; fileRef = 7694C89E1BDC88C5007D8E26 /* LaunchScreen.storyboard */; };
/* End PBXBuildFile section */

/* Begin PBXFileReference section */
		7694C8921BDC88C5007D8E26 /* SingleViewApp.app */ = {isa = PBXFileReference; explicitFileType = wrapper.application; includeInIndex = 0; path = SingleViewApp.app; sourceTree = BUILT_PRODUCTS_DIR; };
		7694C8951BDC88C5007D8E26 /* AppDelegate.swift */ = {isa = PBXFileReference; lastKnownFileType = sourcecode.swift; path = AppDelegate.swift; sourceTree = "<group>"; };
		7694C8971BDC88C5007D8E26 /* ViewController.swift */ = {isa = PBXFileReference; lastKnownFileType = sourcecode.swift; path = ViewController.swift; sourceTree = "<group>"; };
		7694C89A1BDC88C5007D8E26 /* Base */ = {isa = PBXFileReference; lastKnownFileType = file.storyboard; name = Base; path = Base.lproj/Main.storyboard; sourceTree = "<group>"; };
		7694C89C1BDC88C5007D8E26 /* Assets.xcassets */ = {isa = PBXFileReference; lastKnownFileType = folder.assetcatalog; path = Assets.xcassets; sourceTree = "<group>"; };
		7694C89F1BDC88C5007D8E26 /* Base */ = {isa = PBXFileReference; lastKnownFileType = file.storyboard; name = Base; path = Base.lproj/LaunchScreen.storyboard; sourceTree = "<group>"; };
		7694C8A11BDC88C5007D8E26 /* Info.plist */ = {isa = PBXFileReference; lastKnownFileType = text.plist.xml; path = Info.plist; sourceTree = "<group>"; };
/* End PBXFileReference section */

/* Begin PBXFrameworksBuildPhase section */
		7694C88F1BDC88C5007D8E26 /* Frameworks */ = {
			isa = PBXFrameworksBuildPhase;
			buildActionMask = 2147483647;
			files = (
			);
			runOnlyForDeploymentPostprocessing = 0;
		};
/* End PBXFrameworksBuildPhase section */

/* Begin PBXGroup section */
		7694C8891BDC88C5007D8E26 = {
			isa = PBXGroup;
			children = (
				7694C8941BDC88C5007D8E26 /* SingleViewApp */,
				7694C8931BDC88C5007D8E26 /* Products */,
			);
			sourceTree = "<group>";
		};
		7694C8931BDC88C5007D8E26 /* Products */ = {
			isa = PBXGroup;
			children = (
				7694C8921BDC88C5007D8E26 /* SingleViewApp.app */,
			);
			name = Products;
			sourceTree = "<group>";
		};
		7694C8941BDC88C5007D8E26 /* SingleViewApp */ = {
			isa = PBXGroup;
			children = (
				7694C8951BDC88C5007D8E26 /* AppDelegate.swift */,
				7694C8971BDC88C5007D8E26 /* ViewController.swift */,
				7694C8991BDC88C5007D8E26 /* Main.storyboard */,
				7694C89C1BDC88C5007D8E26 /* Assets.xcassets */,
				7694C89E1BDC88C5007D8E26 /* LaunchScreen.storyboard */,
				7694C8A11BDC88C5007D8E26 /* Info.plist */,
			);
			path = SingleViewApp;
			sourceTree = "<group>";
		};
/* End PBXGroup section */

/* Begin PBXNativeTarget section */
		7694C8911BDC88C5007D8E26 /* SingleViewApp */ = {
			isa = PBXNativeTarget;
			buildConfigurationList = 7694C8A41BDC88C5007D8E26 /* Build configuration list for PBXNativeTarget "SingleViewApp" */;
			buildPhases = (
				7694C88E1BDC88C5007D8E26 /* Sources */,
				7694C88F1BDC88C5007D8E26 /* Frameworks */,
				7694C8901BDC88C5007D8E26 /* Resources */,
			);
			buildRules = (
			);
			dependencies = (
			);
			name = SingleViewApp;
			productName = SingleViewApp;
			productReference = 7694C8921BDC88C5007D8E26 /* SingleViewApp.app */;
			productType = "com.apple.product-type.application";
		};
/* End PBXNativeTarget section */

/* Begin PBXProject section */
		7694C88A1BDC88C5007D8E26 /* Project object */ = {
			isa = PBXProject;
			attributes = {
				LastUpgradeCheck = 0700;
				ORGANIZATIONNAME = "Chang Tong Xue";
				TargetAttributes = {
					7694C8911BDC88C5007D8E26 = {
						CreatedOnToolsVersion = 7.0;
						DevelopmentTeam = MY2MNC4AMN;
					};
				};
			};
			buildConfigurationList = 7694C88D1BDC88C5007D8E26 /* Build configuration list for PBXProject "SingleViewApp" */;
			compatibilityVersion = "Xcode 3.2";
			developmentRegion = English;
			hasScannedForEncodings = 0;
			knownRegions = (
				en,
				Base,
			);
			mainGroup = 7694C8891BDC88C5007D8E26;
			productRefGroup = 7694C8931BDC88C5007D8E26 /* Products */;
			projectDirPath = "";
			projectRoot = "";
			targets = (
				7694C8911BDC88C5007D8E26 /* SingleViewApp */,
			);
		};
/* End PBXProject section */

/* Begin PBXResourcesBuildPhase section */
		7694C8901BDC88C5007D8E26 /* Resources */ = {
			isa = PBXResourcesBuildPhase;
			buildActionMask = 2147483647;
			files = (
				7694C8A01BDC88C5007D8E26 /* LaunchScreen.storyboard in Resources */,
				7694C89D1BDC88C5007D8E26 /* Assets.xcassets in Resources */,
				7694C89B1BDC88C5007D8E26 /* Main.storyboard in Resources */,
			);
			runOnlyForDeploymentPostprocessing = 0;
		};
/* End PBXResourcesBuildPhase section */

/* Begin PBXSourcesBuildPhase section */
		7694C88E1BDC88C5007D8E26 /* Sources */ = {
			isa = PBXSourcesBuildPhase;
			buildActionMask = 2147483647;
			files = (
				7694C8981BDC88C5007D8E26 /* ViewController.swift in Sources */,
				7694C8961BDC88C5007D8E26 /* AppDelegate.swift in Sources */,
			);
			runOnlyForDeploymentPostprocessing = 0;
		};
/* End PBXSourcesBuildPhase section */

/* Begin PBXVariantGroup section */
		7694C8991BDC88C5007D8E26 /* Main.storyboard */ = {
			isa = PBXVariantGroup;
			children = (
				7694C89A1BDC88C5007D8E26 /* Base */,
			);
			name = Main.storyboard;
			sourceTree = "<group>";
		};
		7694C89E1BDC88C5007D8E26 /* LaunchScreen.storyboard */ = {
			isa = PBXVariantGroup;
			children = (
				7694C89F1BDC88C5007D8E26 /* Base */,
			);
			name = LaunchScreen.storyboard;
			sourceTree = "<group>";
		};
/* End PBXVariantGroup section */

/* Begin XCBuildConfiguration section */
		7694C8A21BDC88C5007D8E26 /* Debug */ = {
			isa = XCBuildConfiguration;
			buildSettings = {
				ALWAYS_SEARCH_USER_PATHS = NO;
				CLANG_CXX_LANGUAGE_STANDARD = "gnu++0x";
				CLANG_CXX_LIBRARY = "libc++";
				CLANG_ENABLE_MODULES = YES;
				CLANG_ENABLE_OBJC_ARC = YES;
				CLANG_WARN_BOOL_CONVERSION = YES;
				CLANG_WARN_CONSTANT_CONVERSION = YES;
				CLANG_WARN_DIRECT_OBJC_ISA_USAGE = YES_ERROR;
				CLANG_WARN_EMPTY_BODY = YES;
				CLANG_WARN_ENUM_CONVERSION = YES;
				CLANG_WARN_INT_CONVERSION = YES;
				CLANG_WARN_OBJC_ROOT_CLASS = YES_ERROR;
				CLANG_WARN_UNREACHABLE_CODE = YES;
				CLANG_WARN__DUPLICATE_METHOD_MATCH = YES;
				"CODE_SIGN_IDENTITY[sdk=iphoneos*]" = "iPhone Developer";
				COPY_PHASE_STRIP = NO;
				DEBUG_INFORMATION_FORMAT = dwarf;
				ENABLE_STRICT_OBJC_MSGSEND = YES;
				ENABLE_TESTABILITY = YES;
				GCC_C_LANGUAGE_STANDARD = gnu99;
				GCC_DYNAMIC_NO_PIC = NO;
				GCC_NO_COMMON_BLOCKS = YES;
				GCC_OPTIMIZATION_LEVEL = 0;
				GCC_PREPROCESSOR_DEFINITIONS = (
					"DEBUG=1",
					"$(inherited)",
				);
				GCC_WARN_64_TO_32_BIT_CONVERSION = YES;
				GCC_WARN_ABOUT_RETURN_TYPE = YES_ERROR;
				GCC_WARN_UNDECLARED_SELECTOR = YES;
				GCC_WARN_UNINITIALIZED_AUTOS = YES_AGGRESSIVE;
				GCC_WARN_UNUSED_FUNCTION = YES;
				GCC_WARN_UNUSED_VARIABLE = YES;
				IPHONEOS_DEPLOYMENT_TARGET = 9.0;
				MTL_ENABLE_DEBUG_INFO = YES;
				ONLY_ACTIVE_ARCH = YES;
				SDKROOT = iphoneos;
				SWIFT_OPTIMIZATION_LEVEL = "-Onone";
			};
			name = Debug;
		};
		7694C8A31BDC88C5007D8E26 /* Release */ = {
			isa = XCBuildConfiguration;
			buildSettings = {
				ALWAYS_SEARCH_USER_PATHS = NO;
				CLANG_CXX_LANGUAGE_STANDARD = "gnu++0x";
				CLANG_CXX_LIBRARY = "libc++";
				CLANG_ENABLE_MODULES = YES;
				CLANG_ENABLE_OBJC_ARC = YES;
				CLANG_WARN_BOOL_CONVERSION = YES;
				CLANG_WARN_CONSTANT_CONVERSION = YES;
				CLANG_WARN_DIRECT_OBJC_ISA_USAGE = YES_ERROR;
				CLANG_WARN_EMPTY_BODY = YES;
				CLANG_WARN_ENUM_CONVERSION = YES;
				CLANG_WARN_INT_CONVERSION = YES;
				CLANG_WARN_OBJC_ROOT_CLASS = YES_ERROR;
				CLANG_WARN_UNREACHABLE_CODE = YES;
				CLANG_WARN__DUPLICATE_METHOD_MATCH = YES;
				"CODE_SIGN_IDENTITY[sdk=iphoneos*]" = "iPhone Developer";
				COPY_PHASE_STRIP = NO;
				DEBUG_INFORMATION_FORMAT = "dwarf-with-dsym";
				ENABLE_NS_ASSERTIONS = NO;
				ENABLE_STRICT_OBJC_MSGSEND = YES;
				GCC_C_LANGUAGE_STANDARD = gnu99;
				GCC_NO_COMMON_BLOCKS = YES;
				GCC_WARN_64_TO_32_BIT_CONVERSION = YES;
				GCC_WARN_ABOUT_RETURN_TYPE = YES_ERROR;
				GCC_WARN_UNDECLARED_SELECTOR = YES;
				GCC_WARN_UNINITIALIZED_AUTOS = YES_AGGRESSIVE;
				GCC_WARN_UNUSED_FUNCTION = YES;
				GCC_WARN_UNUSED_VARIABLE = YES;
				IPHONEOS_DEPLOYMENT_TARGET = 9.0;
				MTL_ENABLE_DEBUG_INFO = NO;
				SDKROOT = iphoneos;
				VALIDATE_PRODUCT = YES;
			};
			name = Release;
		};
		7694C8A51BDC88C5007D8E26 /* Debug */ = {
			isa = XCBuildConfiguration;
			buildSettings = {
				ASSETCATALOG_COMPILER_APPICON_NAME = AppIcon;
				INFOPLIST_FILE = SingleViewApp/Info.plist;
				LD_RUNPATH_SEARCH_PATHS = "$(inherited) @executable_path/Frameworks";
				PRODUCT_BUNDLE_IDENTIFIER = com.dyl.herokuapp.SingleViewApp;
				PRODUCT_NAME = "$(TARGET_NAME)";
			};
			name = Debug;
		};
		7694C8A61BDC88C5007D8E26 /* Release */ = {
			isa = XCBuildConfiguration;
			buildSettings = {
				ASSETCATALOG_COMPILER_APPICON_NAME = AppIcon;
				INFOPLIST_FILE = SingleViewApp/Info.plist;
				LD_RUNPATH_SEARCH_PATHS = "$(inherited) @executable_path/Frameworks";
				PRODUCT_BUNDLE_IDENTIFIER = com.dyl.herokuapp.SingleViewApp;
				PRODUCT_NAME = "$(TARGET_NAME)";
			};
			name = Release;
		};
/* End XCBuildConfiguration section */

/* Begin XCConfigurationList section */
		7694C88D1BDC88C5007D8E26 /* Build configuration list for PBXProject "SingleViewApp" */ = {
			isa = XCConfigurationList;
			buildConfigurations = (
				7694C8A21BDC88C5007D8E26 /* Debug */,
				7694C8A31BDC88C5007D8E26 /* Release */,
			);
			defaultConfigurationIsVisible = 0;
			defaultConfigurationName = Release;
		};
		7694C8A41BDC88C5007D8E26 /* Build configuration list for PBXNativeTarget "SingleViewApp" */ = {
			isa = XCConfigurationList;
			buildConfigurations = (
				7694C8A51BDC88C5007D8E26 /* Debug */,
				7694C8A61BDC88C5007D8E26 /* Release */,
			);
			defaultConfigurationIsVisible = 0;
		};
/* End XCConfigurationList section */
	};
	rootObject = 7694C88A1BDC88C5007D8E26 /* Project object */;
}
